
Microsoft Visual Studio Solution File, Format Version 12.00
# Visual Studio 15
VisualStudioVersion = 15.0.28307.168
MinimumVisualStudioVersion = 10.0.40219.1
Project("{8BC9CEB8-8B4A-11D0-8D11-00A0C91BC942}") = "01PolymorphicAlgorithms", "01PolymorphicAlgorithms\01PolymorphicAlgorithms.vcxproj", "{1CDF2911-5328-4E06-8631-18B39FEC2D8F}"
EndProject
Project("{8BC9CEB8-8B4A-11D0-8D11-00A0C91BC942}") = "02FunctionsWithContext", "02FunctionsWithContext\02FunctionsWithContext.vcxproj", "{B0880466-D7B1-4A05-BB5E-5CAC144D8B46}"
EndProject
Project("{8BC9CEB8-8B4A-11D0-8D11-00A0C91BC942}") = "03Objects", "03Objects\03Objects.vcxproj", "{9CF5BA25-4B62-4558-BE69-CC22E596F2C2}"
EndProject
Project("{8BC9CEB8-8B4A-11D0-8D11-00A0C91BC942}") = "04ClassesAndObjects", "04ClassesAndObjects\04ClassesAndObjects.vcxproj", "{AF596CBF-0D43-4B3B-A448-162439873753}"
EndProject
Project("{8BC9CEB8-8B4A-11D0-8D11-00A0C91BC942}") = "05Destructors", "05Destructors\05Destructors.vcxproj", "{0565D245-9F76-496E-8F67-153E679E47EF}"
EndProject
Project("{8BC9CEB8-8B4A-11D0-8D11-00A0C91BC942}") = "06StringEssentials", "06StringEssentials\06StringEssentials.vcxproj", "{3F8B0484-24AE-4E7A-8062-E29F743D066B}"
EndProject
Project("{8BC9CEB8-8B4A-11D0-8D11-00A0C91BC942}") = "07PointersToObjects", "07PointersToObjects\07PointersToObjects.vcxproj", "{6FE70E5B-126E-4394-A022-AA371640D9A0}"
EndProject
Project("{8BC9CEB8-8B4A-11D0-8D11-00A0C91BC942}") = "08CopyConstructor", "08CopyConstructor\08CopyConstructor.vcxproj", "{9A0E24EE-5EFE-4164-B154-7A68E8A77395}"
EndProject
Project("{8BC9CEB8-8B4A-11D0-8D11-00A0C91BC942}") = "09AssignmentOperator", "09AssignmentOperator\09AssignmentOperator.vcxproj", "{5F5ACDF1-3380-4942-89CB-39612FCEB1A4}"
EndProject
Project("{8BC9CEB8-8B4A-11D0-8D11-00A0C91BC942}") = "10OperatorOverloading", "10OperatorOverloading\10OperatorOverloading.vcxproj", "{4043CDC0-05FF-45D7-9554-3936EE7CD489}"
EndProject
Project("{8BC9CEB8-8B4A-11D0-8D11-00A0C91BC942}") = "11ConstructorTypeConversion", "11ConstructorTypeConversion\11ConstructorTypeConversion.vcxproj", "{FCC0C195-FF97-4D32-977D-CB40326549CB}"
EndProject
Project("{8BC9CEB8-8B4A-11D0-8D11-00A0C91BC942}") = "12ConversionOperators", "12ConversionOperators\12ConversionOperators.vcxproj", "{AD16C633-9E13-4B09-B042-59E2857F7D53}"
EndProject
Project("{8BC9CEB8-8B4A-11D0-8D11-00A0C91BC942}") = "13ConstCorrectness", "13ConstCorrectness\13ConstCorrectness.vcxproj", "{E8C595E0-9095-4F31-B6CD-0CA876CB3A38}"
EndProject
Project("{8BC9CEB8-8B4A-11D0-8D11-00A0C91BC942}") = "14Vector", "14Vector\14Vector.vcxproj", "{DC54022F-C381-4C72-BD4D-BB8D469F5569}"
EndProject
Project("{8BC9CEB8-8B4A-11D0-8D11-00A0C91BC942}") = "15Iterators", "15Iterators\15Iterators.vcxproj", "{1F61F928-29D5-444B-B17F-C3CBDD41EAE8}"
EndProject
Project("{8BC9CEB8-8B4A-11D0-8D11-00A0C91BC942}") = "16TextFiles", "16TextFiles\16TextFiles.vcxproj", "{FA660EA1-03BC-4386-9596-1B45C24366D5}"
EndProject
Project("{8BC9CEB8-8B4A-11D0-8D11-00A0C91BC942}") = "17FriendFunctions", "FriendFunctions\FriendFunctions.vcxproj", "{99527F56-0CD7-4483-B7CD-230E8636A216}"
EndProject
Project("{8BC9CEB8-8B4A-11D0-8D11-00A0C91BC942}") = "18OverloadIo", "18OverlaodIo\18OverlaodIo.vcxproj", "{A1092281-C27D-488E-B5DA-513AC773C98E}"
EndProject
Project("{8BC9CEB8-8B4A-11D0-8D11-00A0C91BC942}") = "19StaticMembers", "19StaticMembers\19StaticMembers.vcxproj", "{D0738207-96A4-4B8E-8CB3-72166F0481B9}"
EndProject
Project("{8BC9CEB8-8B4A-11D0-8D11-00A0C91BC942}") = "20ClassTemplates", "20ClassTemplates\20ClassTemplates.vcxproj", "{0B0617F6-9723-43AA-9400-A1CCEC10DBBE}"
EndProject
Project("{8BC9CEB8-8B4A-11D0-8D11-00A0C91BC942}") = "21StackAndQueue", "21StackAndQueue\21StackAndQueue.vcxproj", "{A31681DC-A0B8-43AF-956D-A1BD969B3B99}"
EndProject
Project("{8BC9CEB8-8B4A-11D0-8D11-00A0C91BC942}") = "22List", "22List\22List.vcxproj", "{D2A68D52-D1B8-4EFA-8C1C-0ADA870D8DFC}"
EndProject
Project("{8BC9CEB8-8B4A-11D0-8D11-00A0C91BC942}") = "23VariadicTemplates", "23VariadicTemplates\23VariadicTemplates.vcxproj", "{69DE325B-133A-42BB-85F8-63091F00DFBA}"
EndProject
Project("{8BC9CEB8-8B4A-11D0-8D11-00A0C91BC942}") = "24SetAndMap", "24SetAndMap\24SetAndMap.vcxproj", "{625CFE3E-509B-4AA8-87D7-096F8E283D0D}"
EndProject
Project("{8BC9CEB8-8B4A-11D0-8D11-00A0C91BC942}") = "25Directory", "25Directory\25Directory.vcxproj", "{EBE55EE1-D6FD-44E3-A7E4-016459B32EA2}"
EndProject
Project("{8BC9CEB8-8B4A-11D0-8D11-00A0C91BC942}") = "26CommandLineArguments", "26CommandLineArguments\26CommandLineArguments.vcxproj", "{C5AAD3BF-2742-4137-8D6A-CF39D2281EB3}"
EndProject
Project("{8BC9CEB8-8B4A-11D0-8D11-00A0C91BC942}") = "27Enums", "27Enums\27Enums.vcxproj", "{1FEAD13D-6963-41D0-868B-2A97562640C8}"
EndProject
Project("{8BC9CEB8-8B4A-11D0-8D11-00A0C91BC942}") = "28ClassAssociation", "28ClassAssociation\28ClassAssociation.vcxproj", "{930CB3AF-52BA-41F2-8C69-69529B215DBF}"
EndProject
Project("{8BC9CEB8-8B4A-11D0-8D11-00A0C91BC942}") = "29InnerClass", "29InnerClass\29InnerClass.vcxproj", "{0E342AAC-23B8-4C73-B778-9A545F8F0DE1}"
EndProject
Project("{8BC9CEB8-8B4A-11D0-8D11-00A0C91BC942}") = "30Inheritance", "30Inheritance\30Inheritance.vcxproj", "{27382738-5341-4155-9A84-E78FF272D61D}"
EndProject
Project("{8BC9CEB8-8B4A-11D0-8D11-00A0C91BC942}") = "31SubtypingPolymorphism", "31SubtypingPolymorphism\31SubtypingPolymorphism.vcxproj", "{0EC69D97-375B-4192-9FD3-85D90097E997}"
EndProject
Project("{8BC9CEB8-8B4A-11D0-8D11-00A0C91BC942}") = "32Interfaces", "32Interfaces\32Interfaces.vcxproj", "{F94FE0DC-9999-4357-9622-B06DAF3647A2}"
EndProject
Project("{8BC9CEB8-8B4A-11D0-8D11-00A0C91BC942}") = "33VirtualDestructor", "33VirtualDestructor\33VirtualDestructor.vcxproj", "{45785D7C-75C9-44CF-A9EC-A632A62BCF2C}"
EndProject
Global
	GlobalSection(SolutionConfigurationPlatforms) = preSolution
		Debug|x64 = Debug|x64
		Debug|x86 = Debug|x86
		Release|x64 = Release|x64
		Release|x86 = Release|x86
	EndGlobalSection
	GlobalSection(ProjectConfigurationPlatforms) = postSolution
		{1CDF2911-5328-4E06-8631-18B39FEC2D8F}.Debug|x64.ActiveCfg = Debug|x64
		{1CDF2911-5328-4E06-8631-18B39FEC2D8F}.Debug|x64.Build.0 = Debug|x64
		{1CDF2911-5328-4E06-8631-18B39FEC2D8F}.Debug|x86.ActiveCfg = Debug|Win32
		{1CDF2911-5328-4E06-8631-18B39FEC2D8F}.Debug|x86.Build.0 = Debug|Win32
		{1CDF2911-5328-4E06-8631-18B39FEC2D8F}.Release|x64.ActiveCfg = Release|x64
		{1CDF2911-5328-4E06-8631-18B39FEC2D8F}.Release|x64.Build.0 = Release|x64
		{1CDF2911-5328-4E06-8631-18B39FEC2D8F}.Release|x86.ActiveCfg = Release|Win32
		{1CDF2911-5328-4E06-8631-18B39FEC2D8F}.Release|x86.Build.0 = Release|Win32
		{B0880466-D7B1-4A05-BB5E-5CAC144D8B46}.Debug|x64.ActiveCfg = Debug|x64
		{B0880466-D7B1-4A05-BB5E-5CAC144D8B46}.Debug|x64.Build.0 = Debug|x64
		{B0880466-D7B1-4A05-BB5E-5CAC144D8B46}.Debug|x86.ActiveCfg = Debug|Win32
		{B0880466-D7B1-4A05-BB5E-5CAC144D8B46}.Debug|x86.Build.0 = Debug|Win32
		{B0880466-D7B1-4A05-BB5E-5CAC144D8B46}.Release|x64.ActiveCfg = Release|x64
		{B0880466-D7B1-4A05-BB5E-5CAC144D8B46}.Release|x64.Build.0 = Release|x64
		{B0880466-D7B1-4A05-BB5E-5CAC144D8B46}.Release|x86.ActiveCfg = Release|Win32
		{B0880466-D7B1-4A05-BB5E-5CAC144D8B46}.Release|x86.Build.0 = Release|Win32
		{9CF5BA25-4B62-4558-BE69-CC22E596F2C2}.Debug|x64.ActiveCfg = Debug|x64
		{9CF5BA25-4B62-4558-BE69-CC22E596F2C2}.Debug|x64.Build.0 = Debug|x64
		{9CF5BA25-4B62-4558-BE69-CC22E596F2C2}.Debug|x86.ActiveCfg = Debug|Win32
		{9CF5BA25-4B62-4558-BE69-CC22E596F2C2}.Debug|x86.Build.0 = Debug|Win32
		{9CF5BA25-4B62-4558-BE69-CC22E596F2C2}.Release|x64.ActiveCfg = Release|x64
		{9CF5BA25-4B62-4558-BE69-CC22E596F2C2}.Release|x64.Build.0 = Release|x64
		{9CF5BA25-4B62-4558-BE69-CC22E596F2C2}.Release|x86.ActiveCfg = Release|Win32
		{9CF5BA25-4B62-4558-BE69-CC22E596F2C2}.Release|x86.Build.0 = Release|Win32
		{AF596CBF-0D43-4B3B-A448-162439873753}.Debug|x64.ActiveCfg = Debug|x64
		{AF596CBF-0D43-4B3B-A448-162439873753}.Debug|x64.Build.0 = Debug|x64
		{AF596CBF-0D43-4B3B-A448-162439873753}.Debug|x86.ActiveCfg = Debug|Win32
		{AF596CBF-0D43-4B3B-A448-162439873753}.Debug|x86.Build.0 = Debug|Win32
		{AF596CBF-0D43-4B3B-A448-162439873753}.Release|x64.ActiveCfg = Release|x64
		{AF596CBF-0D43-4B3B-A448-162439873753}.Release|x64.Build.0 = Release|x64
		{AF596CBF-0D43-4B3B-A448-162439873753}.Release|x86.ActiveCfg = Release|Win32
		{AF596CBF-0D43-4B3B-A448-162439873753}.Release|x86.Build.0 = Release|Win32
		{0565D245-9F76-496E-8F67-153E679E47EF}.Debug|x64.ActiveCfg = Debug|x64
		{0565D245-9F76-496E-8F67-153E679E47EF}.Debug|x64.Build.0 = Debug|x64
		{0565D245-9F76-496E-8F67-153E679E47EF}.Debug|x86.ActiveCfg = Debug|Win32
		{0565D245-9F76-496E-8F67-153E679E47EF}.Debug|x86.Build.0 = Debug|Win32
		{0565D245-9F76-496E-8F67-153E679E47EF}.Release|x64.ActiveCfg = Release|x64
		{0565D245-9F76-496E-8F67-153E679E47EF}.Release|x64.Build.0 = Release|x64
		{0565D245-9F76-496E-8F67-153E679E47EF}.Release|x86.ActiveCfg = Release|Win32
		{0565D245-9F76-496E-8F67-153E679E47EF}.Release|x86.Build.0 = Release|Win32
		{3F8B0484-24AE-4E7A-8062-E29F743D066B}.Debug|x64.ActiveCfg = Debug|x64
		{3F8B0484-24AE-4E7A-8062-E29F743D066B}.Debug|x64.Build.0 = Debug|x64
		{3F8B0484-24AE-4E7A-8062-E29F743D066B}.Debug|x86.ActiveCfg = Debug|Win32
		{3F8B0484-24AE-4E7A-8062-E29F743D066B}.Debug|x86.Build.0 = Debug|Win32
		{3F8B0484-24AE-4E7A-8062-E29F743D066B}.Release|x64.ActiveCfg = Release|x64
		{3F8B0484-24AE-4E7A-8062-E29F743D066B}.Release|x64.Build.0 = Release|x64
		{3F8B0484-24AE-4E7A-8062-E29F743D066B}.Release|x86.ActiveCfg = Release|Win32
		{3F8B0484-24AE-4E7A-8062-E29F743D066B}.Release|x86.Build.0 = Release|Win32
		{6FE70E5B-126E-4394-A022-AA371640D9A0}.Debug|x64.ActiveCfg = Debug|x64
		{6FE70E5B-126E-4394-A022-AA371640D9A0}.Debug|x64.Build.0 = Debug|x64
		{6FE70E5B-126E-4394-A022-AA371640D9A0}.Debug|x86.ActiveCfg = Debug|Win32
		{6FE70E5B-126E-4394-A022-AA371640D9A0}.Debug|x86.Build.0 = Debug|Win32
		{6FE70E5B-126E-4394-A022-AA371640D9A0}.Release|x64.ActiveCfg = Release|x64
		{6FE70E5B-126E-4394-A022-AA371640D9A0}.Release|x64.Build.0 = Release|x64
		{6FE70E5B-126E-4394-A022-AA371640D9A0}.Release|x86.ActiveCfg = Release|Win32
		{6FE70E5B-126E-4394-A022-AA371640D9A0}.Release|x86.Build.0 = Release|Win32
		{9A0E24EE-5EFE-4164-B154-7A68E8A77395}.Debug|x64.ActiveCfg = Debug|x64
		{9A0E24EE-5EFE-4164-B154-7A68E8A77395}.Debug|x64.Build.0 = Debug|x64
		{9A0E24EE-5EFE-4164-B154-7A68E8A77395}.Debug|x86.ActiveCfg = Debug|Win32
		{9A0E24EE-5EFE-4164-B154-7A68E8A77395}.Debug|x86.Build.0 = Debug|Win32
		{9A0E24EE-5EFE-4164-B154-7A68E8A77395}.Release|x64.ActiveCfg = Release|x64
		{9A0E24EE-5EFE-4164-B154-7A68E8A77395}.Release|x64.Build.0 = Release|x64
		{9A0E24EE-5EFE-4164-B154-7A68E8A77395}.Release|x86.ActiveCfg = Release|Win32
		{9A0E24EE-5EFE-4164-B154-7A68E8A77395}.Release|x86.Build.0 = Release|Win32
		{5F5ACDF1-3380-4942-89CB-39612FCEB1A4}.Debug|x64.ActiveCfg = Debug|x64
		{5F5ACDF1-3380-4942-89CB-39612FCEB1A4}.Debug|x64.Build.0 = Debug|x64
		{5F5ACDF1-3380-4942-89CB-39612FCEB1A4}.Debug|x86.ActiveCfg = Debug|Win32
		{5F5ACDF1-3380-4942-89CB-39612FCEB1A4}.Debug|x86.Build.0 = Debug|Win32
		{5F5ACDF1-3380-4942-89CB-39612FCEB1A4}.Release|x64.ActiveCfg = Release|x64
		{5F5ACDF1-3380-4942-89CB-39612FCEB1A4}.Release|x64.Build.0 = Release|x64
		{5F5ACDF1-3380-4942-89CB-39612FCEB1A4}.Release|x86.ActiveCfg = Release|Win32
		{5F5ACDF1-3380-4942-89CB-39612FCEB1A4}.Release|x86.Build.0 = Release|Win32
		{4043CDC0-05FF-45D7-9554-3936EE7CD489}.Debug|x64.ActiveCfg = Debug|x64
		{4043CDC0-05FF-45D7-9554-3936EE7CD489}.Debug|x64.Build.0 = Debug|x64
		{4043CDC0-05FF-45D7-9554-3936EE7CD489}.Debug|x86.ActiveCfg = Debug|Win32
		{4043CDC0-05FF-45D7-9554-3936EE7CD489}.Debug|x86.Build.0 = Debug|Win32
		{4043CDC0-05FF-45D7-9554-3936EE7CD489}.Release|x64.ActiveCfg = Release|x64
		{4043CDC0-05FF-45D7-9554-3936EE7CD489}.Release|x64.Build.0 = Release|x64
		{4043CDC0-05FF-45D7-9554-3936EE7CD489}.Release|x86.ActiveCfg = Release|Win32
		{4043CDC0-05FF-45D7-9554-3936EE7CD489}.Release|x86.Build.0 = Release|Win32
		{FCC0C195-FF97-4D32-977D-CB40326549CB}.Debug|x64.ActiveCfg = Debug|x64
		{FCC0C195-FF97-4D32-977D-CB40326549CB}.Debug|x64.Build.0 = Debug|x64
		{FCC0C195-FF97-4D32-977D-CB40326549CB}.Debug|x86.ActiveCfg = Debug|Win32
		{FCC0C195-FF97-4D32-977D-CB40326549CB}.Debug|x86.Build.0 = Debug|Win32
		{FCC0C195-FF97-4D32-977D-CB40326549CB}.Release|x64.ActiveCfg = Release|x64
		{FCC0C195-FF97-4D32-977D-CB40326549CB}.Release|x64.Build.0 = Release|x64
		{FCC0C195-FF97-4D32-977D-CB40326549CB}.Release|x86.ActiveCfg = Release|Win32
		{FCC0C195-FF97-4D32-977D-CB40326549CB}.Release|x86.Build.0 = Release|Win32
		{AD16C633-9E13-4B09-B042-59E2857F7D53}.Debug|x64.ActiveCfg = Debug|x64
		{AD16C633-9E13-4B09-B042-59E2857F7D53}.Debug|x64.Build.0 = Debug|x64
		{AD16C633-9E13-4B09-B042-59E2857F7D53}.Debug|x86.ActiveCfg = Debug|Win32
		{AD16C633-9E13-4B09-B042-59E2857F7D53}.Debug|x86.Build.0 = Debug|Win32
		{AD16C633-9E13-4B09-B042-59E2857F7D53}.Release|x64.ActiveCfg = Release|x64
		{AD16C633-9E13-4B09-B042-59E2857F7D53}.Release|x64.Build.0 = Release|x64
		{AD16C633-9E13-4B09-B042-59E2857F7D53}.Release|x86.ActiveCfg = Release|Win32
		{AD16C633-9E13-4B09-B042-59E2857F7D53}.Release|x86.Build.0 = Release|Win32
		{E8C595E0-9095-4F31-B6CD-0CA876CB3A38}.Debug|x64.ActiveCfg = Debug|x64
		{E8C595E0-9095-4F31-B6CD-0CA876CB3A38}.Debug|x64.Build.0 = Debug|x64
		{E8C595E0-9095-4F31-B6CD-0CA876CB3A38}.Debug|x86.ActiveCfg = Debug|Win32
		{E8C595E0-9095-4F31-B6CD-0CA876CB3A38}.Debug|x86.Build.0 = Debug|Win32
		{E8C595E0-9095-4F31-B6CD-0CA876CB3A38}.Release|x64.ActiveCfg = Release|x64
		{E8C595E0-9095-4F31-B6CD-0CA876CB3A38}.Release|x64.Build.0 = Release|x64
		{E8C595E0-9095-4F31-B6CD-0CA876CB3A38}.Release|x86.ActiveCfg = Release|Win32
		{E8C595E0-9095-4F31-B6CD-0CA876CB3A38}.Release|x86.Build.0 = Release|Win32
		{DC54022F-C381-4C72-BD4D-BB8D469F5569}.Debug|x64.ActiveCfg = Debug|x64
		{DC54022F-C381-4C72-BD4D-BB8D469F5569}.Debug|x64.Build.0 = Debug|x64
		{DC54022F-C381-4C72-BD4D-BB8D469F5569}.Debug|x86.ActiveCfg = Debug|Win32
		{DC54022F-C381-4C72-BD4D-BB8D469F5569}.Debug|x86.Build.0 = Debug|Win32
		{DC54022F-C381-4C72-BD4D-BB8D469F5569}.Release|x64.ActiveCfg = Release|x64
		{DC54022F-C381-4C72-BD4D-BB8D469F5569}.Release|x64.Build.0 = Release|x64
		{DC54022F-C381-4C72-BD4D-BB8D469F5569}.Release|x86.ActiveCfg = Release|Win32
		{DC54022F-C381-4C72-BD4D-BB8D469F5569}.Release|x86.Build.0 = Release|Win32
		{1F61F928-29D5-444B-B17F-C3CBDD41EAE8}.Debug|x64.ActiveCfg = Debug|x64
		{1F61F928-29D5-444B-B17F-C3CBDD41EAE8}.Debug|x64.Build.0 = Debug|x64
		{1F61F928-29D5-444B-B17F-C3CBDD41EAE8}.Debug|x86.ActiveCfg = Debug|Win32
		{1F61F928-29D5-444B-B17F-C3CBDD41EAE8}.Debug|x86.Build.0 = Debug|Win32
		{1F61F928-29D5-444B-B17F-C3CBDD41EAE8}.Release|x64.ActiveCfg = Release|x64
		{1F61F928-29D5-444B-B17F-C3CBDD41EAE8}.Release|x64.Build.0 = Release|x64
		{1F61F928-29D5-444B-B17F-C3CBDD41EAE8}.Release|x86.ActiveCfg = Release|Win32
		{1F61F928-29D5-444B-B17F-C3CBDD41EAE8}.Release|x86.Build.0 = Release|Win32
		{FA660EA1-03BC-4386-9596-1B45C24366D5}.Debug|x64.ActiveCfg = Debug|x64
		{FA660EA1-03BC-4386-9596-1B45C24366D5}.Debug|x64.Build.0 = Debug|x64
		{FA660EA1-03BC-4386-9596-1B45C24366D5}.Debug|x86.ActiveCfg = Debug|Win32
		{FA660EA1-03BC-4386-9596-1B45C24366D5}.Debug|x86.Build.0 = Debug|Win32
		{FA660EA1-03BC-4386-9596-1B45C24366D5}.Release|x64.ActiveCfg = Release|x64
		{FA660EA1-03BC-4386-9596-1B45C24366D5}.Release|x64.Build.0 = Release|x64
		{FA660EA1-03BC-4386-9596-1B45C24366D5}.Release|x86.ActiveCfg = Release|Win32
		{FA660EA1-03BC-4386-9596-1B45C24366D5}.Release|x86.Build.0 = Release|Win32
		{99527F56-0CD7-4483-B7CD-230E8636A216}.Debug|x64.ActiveCfg = Debug|x64
		{99527F56-0CD7-4483-B7CD-230E8636A216}.Debug|x64.Build.0 = Debug|x64
		{99527F56-0CD7-4483-B7CD-230E8636A216}.Debug|x86.ActiveCfg = Debug|Win32
		{99527F56-0CD7-4483-B7CD-230E8636A216}.Debug|x86.Build.0 = Debug|Win32
		{99527F56-0CD7-4483-B7CD-230E8636A216}.Release|x64.ActiveCfg = Release|x64
		{99527F56-0CD7-4483-B7CD-230E8636A216}.Release|x64.Build.0 = Release|x64
		{99527F56-0CD7-4483-B7CD-230E8636A216}.Release|x86.ActiveCfg = Release|Win32
		{99527F56-0CD7-4483-B7CD-230E8636A216}.Release|x86.Build.0 = Release|Win32
		{A1092281-C27D-488E-B5DA-513AC773C98E}.Debug|x64.ActiveCfg = Debug|x64
		{A1092281-C27D-488E-B5DA-513AC773C98E}.Debug|x64.Build.0 = Debug|x64
		{A1092281-C27D-488E-B5DA-513AC773C98E}.Debug|x86.ActiveCfg = Debug|Win32
		{A1092281-C27D-488E-B5DA-513AC773C98E}.Debug|x86.Build.0 = Debug|Win32
		{A1092281-C27D-488E-B5DA-513AC773C98E}.Release|x64.ActiveCfg = Release|x64
		{A1092281-C27D-488E-B5DA-513AC773C98E}.Release|x64.Build.0 = Release|x64
		{A1092281-C27D-488E-B5DA-513AC773C98E}.Release|x86.ActiveCfg = Release|Win32
		{A1092281-C27D-488E-B5DA-513AC773C98E}.Release|x86.Build.0 = Release|Win32
		{D0738207-96A4-4B8E-8CB3-72166F0481B9}.Debug|x64.ActiveCfg = Debug|x64
		{D0738207-96A4-4B8E-8CB3-72166F0481B9}.Debug|x64.Build.0 = Debug|x64
		{D0738207-96A4-4B8E-8CB3-72166F0481B9}.Debug|x86.ActiveCfg = Debug|Win32
		{D0738207-96A4-4B8E-8CB3-72166F0481B9}.Debug|x86.Build.0 = Debug|Win32
		{D0738207-96A4-4B8E-8CB3-72166F0481B9}.Release|x64.ActiveCfg = Release|x64
		{D0738207-96A4-4B8E-8CB3-72166F0481B9}.Release|x64.Build.0 = Release|x64
		{D0738207-96A4-4B8E-8CB3-72166F0481B9}.Release|x86.ActiveCfg = Release|Win32
		{D0738207-96A4-4B8E-8CB3-72166F0481B9}.Release|x86.Build.0 = Release|Win32
		{0B0617F6-9723-43AA-9400-A1CCEC10DBBE}.Debug|x64.ActiveCfg = Debug|x64
		{0B0617F6-9723-43AA-9400-A1CCEC10DBBE}.Debug|x64.Build.0 = Debug|x64
		{0B0617F6-9723-43AA-9400-A1CCEC10DBBE}.Debug|x86.ActiveCfg = Debug|Win32
		{0B0617F6-9723-43AA-9400-A1CCEC10DBBE}.Debug|x86.Build.0 = Debug|Win32
		{0B0617F6-9723-43AA-9400-A1CCEC10DBBE}.Release|x64.ActiveCfg = Release|x64
		{0B0617F6-9723-43AA-9400-A1CCEC10DBBE}.Release|x64.Build.0 = Release|x64
		{0B0617F6-9723-43AA-9400-A1CCEC10DBBE}.Release|x86.ActiveCfg = Release|Win32
		{0B0617F6-9723-43AA-9400-A1CCEC10DBBE}.Release|x86.Build.0 = Release|Win32
		{A31681DC-A0B8-43AF-956D-A1BD969B3B99}.Debug|x64.ActiveCfg = Debug|x64
		{A31681DC-A0B8-43AF-956D-A1BD969B3B99}.Debug|x64.Build.0 = Debug|x64
		{A31681DC-A0B8-43AF-956D-A1BD969B3B99}.Debug|x86.ActiveCfg = Debug|Win32
		{A31681DC-A0B8-43AF-956D-A1BD969B3B99}.Debug|x86.Build.0 = Debug|Win32
		{A31681DC-A0B8-43AF-956D-A1BD969B3B99}.Release|x64.ActiveCfg = Release|x64
		{A31681DC-A0B8-43AF-956D-A1BD969B3B99}.Release|x64.Build.0 = Release|x64
		{A31681DC-A0B8-43AF-956D-A1BD969B3B99}.Release|x86.ActiveCfg = Release|Win32
		{A31681DC-A0B8-43AF-956D-A1BD969B3B99}.Release|x86.Build.0 = Release|Win32
		{D2A68D52-D1B8-4EFA-8C1C-0ADA870D8DFC}.Debug|x64.ActiveCfg = Debug|x64
		{D2A68D52-D1B8-4EFA-8C1C-0ADA870D8DFC}.Debug|x64.Build.0 = Debug|x64
		{D2A68D52-D1B8-4EFA-8C1C-0ADA870D8DFC}.Debug|x86.ActiveCfg = Debug|Win32
		{D2A68D52-D1B8-4EFA-8C1C-0ADA870D8DFC}.Debug|x86.Build.0 = Debug|Win32
		{D2A68D52-D1B8-4EFA-8C1C-0ADA870D8DFC}.Release|x64.ActiveCfg = Release|x64
		{D2A68D52-D1B8-4EFA-8C1C-0ADA870D8DFC}.Release|x64.Build.0 = Release|x64
		{D2A68D52-D1B8-4EFA-8C1C-0ADA870D8DFC}.Release|x86.ActiveCfg = Release|Win32
		{D2A68D52-D1B8-4EFA-8C1C-0ADA870D8DFC}.Release|x86.Build.0 = Release|Win32
		{69DE325B-133A-42BB-85F8-63091F00DFBA}.Debug|x64.ActiveCfg = Debug|x64
		{69DE325B-133A-42BB-85F8-63091F00DFBA}.Debug|x64.Build.0 = Debug|x64
		{69DE325B-133A-42BB-85F8-63091F00DFBA}.Debug|x86.ActiveCfg = Debug|Win32
		{69DE325B-133A-42BB-85F8-63091F00DFBA}.Debug|x86.Build.0 = Debug|Win32
		{69DE325B-133A-42BB-85F8-63091F00DFBA}.Release|x64.ActiveCfg = Release|x64
		{69DE325B-133A-42BB-85F8-63091F00DFBA}.Release|x64.Build.0 = Release|x64
		{69DE325B-133A-42BB-85F8-63091F00DFBA}.Release|x86.ActiveCfg = Release|Win32
		{69DE325B-133A-42BB-85F8-63091F00DFBA}.Release|x86.Build.0 = Release|Win32
		{625CFE3E-509B-4AA8-87D7-096F8E283D0D}.Debug|x64.ActiveCfg = Debug|x64
		{625CFE3E-509B-4AA8-87D7-096F8E283D0D}.Debug|x64.Build.0 = Debug|x64
		{625CFE3E-509B-4AA8-87D7-096F8E283D0D}.Debug|x86.ActiveCfg = Debug|Win32
		{625CFE3E-509B-4AA8-87D7-096F8E283D0D}.Debug|x86.Build.0 = Debug|Win32
		{625CFE3E-509B-4AA8-87D7-096F8E283D0D}.Release|x64.ActiveCfg = Release|x64
		{625CFE3E-509B-4AA8-87D7-096F8E283D0D}.Release|x64.Build.0 = Release|x64
		{625CFE3E-509B-4AA8-87D7-096F8E283D0D}.Release|x86.ActiveCfg = Release|Win32
		{625CFE3E-509B-4AA8-87D7-096F8E283D0D}.Release|x86.Build.0 = Release|Win32
		{EBE55EE1-D6FD-44E3-A7E4-016459B32EA2}.Debug|x64.ActiveCfg = Debug|x64
		{EBE55EE1-D6FD-44E3-A7E4-016459B32EA2}.Debug|x64.Build.0 = Debug|x64
		{EBE55EE1-D6FD-44E3-A7E4-016459B32EA2}.Debug|x86.ActiveCfg = Debug|Win32
		{EBE55EE1-D6FD-44E3-A7E4-016459B32EA2}.Debug|x86.Build.0 = Debug|Win32
		{EBE55EE1-D6FD-44E3-A7E4-016459B32EA2}.Release|x64.ActiveCfg = Release|x64
		{EBE55EE1-D6FD-44E3-A7E4-016459B32EA2}.Release|x64.Build.0 = Release|x64
		{EBE55EE1-D6FD-44E3-A7E4-016459B32EA2}.Release|x86.ActiveCfg = Release|Win32
		{EBE55EE1-D6FD-44E3-A7E4-016459B32EA2}.Release|x86.Build.0 = Release|Win32
		{C5AAD3BF-2742-4137-8D6A-CF39D2281EB3}.Debug|x64.ActiveCfg = Debug|x64
		{C5AAD3BF-2742-4137-8D6A-CF39D2281EB3}.Debug|x64.Build.0 = Debug|x64
		{C5AAD3BF-2742-4137-8D6A-CF39D2281EB3}.Debug|x86.ActiveCfg = Debug|Win32
		{C5AAD3BF-2742-4137-8D6A-CF39D2281EB3}.Debug|x86.Build.0 = Debug|Win32
		{C5AAD3BF-2742-4137-8D6A-CF39D2281EB3}.Release|x64.ActiveCfg = Release|x64
		{C5AAD3BF-2742-4137-8D6A-CF39D2281EB3}.Release|x64.Build.0 = Release|x64
		{C5AAD3BF-2742-4137-8D6A-CF39D2281EB3}.Release|x86.ActiveCfg = Release|Win32
		{C5AAD3BF-2742-4137-8D6A-CF39D2281EB3}.Release|x86.Build.0 = Release|Win32
		{1FEAD13D-6963-41D0-868B-2A97562640C8}.Debug|x64.ActiveCfg = Debug|x64
		{1FEAD13D-6963-41D0-868B-2A97562640C8}.Debug|x64.Build.0 = Debug|x64
		{1FEAD13D-6963-41D0-868B-2A97562640C8}.Debug|x86.ActiveCfg = Debug|Win32
		{1FEAD13D-6963-41D0-868B-2A97562640C8}.Debug|x86.Build.0 = Debug|Win32
		{1FEAD13D-6963-41D0-868B-2A97562640C8}.Release|x64.ActiveCfg = Release|x64
		{1FEAD13D-6963-41D0-868B-2A97562640C8}.Release|x64.Build.0 = Release|x64
		{1FEAD13D-6963-41D0-868B-2A97562640C8}.Release|x86.ActiveCfg = Release|Win32
		{1FEAD13D-6963-41D0-868B-2A97562640C8}.Release|x86.Build.0 = Release|Win32
		{930CB3AF-52BA-41F2-8C69-69529B215DBF}.Debug|x64.ActiveCfg = Debug|x64
		{930CB3AF-52BA-41F2-8C69-69529B215DBF}.Debug|x64.Build.0 = Debug|x64
		{930CB3AF-52BA-41F2-8C69-69529B215DBF}.Debug|x86.ActiveCfg = Debug|Win32
		{930CB3AF-52BA-41F2-8C69-69529B215DBF}.Debug|x86.Build.0 = Debug|Win32
		{930CB3AF-52BA-41F2-8C69-69529B215DBF}.Release|x64.ActiveCfg = Release|x64
		{930CB3AF-52BA-41F2-8C69-69529B215DBF}.Release|x64.Build.0 = Release|x64
		{930CB3AF-52BA-41F2-8C69-69529B215DBF}.Release|x86.ActiveCfg = Release|Win32
		{930CB3AF-52BA-41F2-8C69-69529B215DBF}.Release|x86.Build.0 = Release|Win32
		{0E342AAC-23B8-4C73-B778-9A545F8F0DE1}.Debug|x64.ActiveCfg = Debug|x64
		{0E342AAC-23B8-4C73-B778-9A545F8F0DE1}.Debug|x64.Build.0 = Debug|x64
		{0E342AAC-23B8-4C73-B778-9A545F8F0DE1}.Debug|x86.ActiveCfg = Debug|Win32
		{0E342AAC-23B8-4C73-B778-9A545F8F0DE1}.Debug|x86.Build.0 = Debug|Win32
		{0E342AAC-23B8-4C73-B778-9A545F8F0DE1}.Release|x64.ActiveCfg = Release|x64
		{0E342AAC-23B8-4C73-B778-9A545F8F0DE1}.Release|x64.Build.0 = Release|x64
		{0E342AAC-23B8-4C73-B778-9A545F8F0DE1}.Release|x86.ActiveCfg = Release|Win32
		{0E342AAC-23B8-4C73-B778-9A545F8F0DE1}.Release|x86.Build.0 = Release|Win32
		{27382738-5341-4155-9A84-E78FF272D61D}.Debug|x64.ActiveCfg = Debug|x64
		{27382738-5341-4155-9A84-E78FF272D61D}.Debug|x64.Build.0 = Debug|x64
		{27382738-5341-4155-9A84-E78FF272D61D}.Debug|x86.ActiveCfg = Debug|Win32
		{27382738-5341-4155-9A84-E78FF272D61D}.Debug|x86.Build.0 = Debug|Win32
		{27382738-5341-4155-9A84-E78FF272D61D}.Release|x64.ActiveCfg = Release|x64
		{27382738-5341-4155-9A84-E78FF272D61D}.Release|x64.Build.0 = Release|x64
		{27382738-5341-4155-9A84-E78FF272D61D}.Release|x86.ActiveCfg = Release|Win32
		{27382738-5341-4155-9A84-E78FF272D61D}.Release|x86.Build.0 = Release|Win32
		{0EC69D97-375B-4192-9FD3-85D90097E997}.Debug|x64.ActiveCfg = Debug|x64
		{0EC69D97-375B-4192-9FD3-85D90097E997}.Debug|x64.Build.0 = Debug|x64
		{0EC69D97-375B-4192-9FD3-85D90097E997}.Debug|x86.ActiveCfg = Debug|Win32
		{0EC69D97-375B-4192-9FD3-85D90097E997}.Debug|x86.Build.0 = Debug|Win32
		{0EC69D97-375B-4192-9FD3-85D90097E997}.Release|x64.ActiveCfg = Release|x64
		{0EC69D97-375B-4192-9FD3-85D90097E997}.Release|x64.Build.0 = Release|x64
		{0EC69D97-375B-4192-9FD3-85D90097E997}.Release|x86.ActiveCfg = Release|Win32
		{0EC69D97-375B-4192-9FD3-85D90097E997}.Release|x86.Build.0 = Release|Win32
		{F94FE0DC-9999-4357-9622-B06DAF3647A2}.Debug|x64.ActiveCfg = Debug|x64
		{F94FE0DC-9999-4357-9622-B06DAF3647A2}.Debug|x64.Build.0 = Debug|x64
		{F94FE0DC-9999-4357-9622-B06DAF3647A2}.Debug|x86.ActiveCfg = Debug|Win32
		{F94FE0DC-9999-4357-9622-B06DAF3647A2}.Debug|x86.Build.0 = Debug|Win32
		{F94FE0DC-9999-4357-9622-B06DAF3647A2}.Release|x64.ActiveCfg = Release|x64
		{F94FE0DC-9999-4357-9622-B06DAF3647A2}.Release|x64.Build.0 = Release|x64
		{F94FE0DC-9999-4357-9622-B06DAF3647A2}.Release|x86.ActiveCfg = Release|Win32
		{F94FE0DC-9999-4357-9622-B06DAF3647A2}.Release|x86.Build.0 = Release|Win32
		{45785D7C-75C9-44CF-A9EC-A632A62BCF2C}.Debug|x64.ActiveCfg = Debug|x64
		{45785D7C-75C9-44CF-A9EC-A632A62BCF2C}.Debug|x64.Build.0 = Debug|x64
		{45785D7C-75C9-44CF-A9EC-A632A62BCF2C}.Debug|x86.ActiveCfg = Debug|Win32
		{45785D7C-75C9-44CF-A9EC-A632A62BCF2C}.Debug|x86.Build.0 = Debug|Win32
		{45785D7C-75C9-44CF-A9EC-A632A62BCF2C}.Release|x64.ActiveCfg = Release|x64
		{45785D7C-75C9-44CF-A9EC-A632A62BCF2C}.Release|x64.Build.0 = Release|x64
		{45785D7C-75C9-44CF-A9EC-A632A62BCF2C}.Release|x86.ActiveCfg = Release|Win32
		{45785D7C-75C9-44CF-A9EC-A632A62BCF2C}.Release|x86.Build.0 = Release|Win32
	EndGlobalSection
	GlobalSection(SolutionProperties) = preSolution
		HideSolutionNode = FALSE
	EndGlobalSection
	GlobalSection(ExtensibilityGlobals) = postSolution
		SolutionGuid = {01A4C2BE-C8F2-43E4-B0C2-201CF9D783AC}
	EndGlobalSection
EndGlobal
