
Microsoft Visual Studio Solution File, Format Version 12.00
# Visual Studio 15
VisualStudioVersion = 15.0.28307.168
MinimumVisualStudioVersion = 10.0.40219.1
Project("{8BC9CEB8-8B4A-11D0-8D11-00A0C91BC942}") = "01PolymorphicAlgorithms", "01PolymorphicAlgorithms\01PolymorphicAlgorithms.vcxproj", "{1CDF2911-5328-4E06-8631-18B39FEC2D8F}"
EndProject
Project("{8BC9CEB8-8B4A-11D0-8D11-00A0C91BC942}") = "02FunctionsWithContext", "02FunctionsWithContext\02FunctionsWithContext.vcxproj", "{B0880466-D7B1-4A05-BB5E-5CAC144D8B46}"
EndProject
Project("{8BC9CEB8-8B4A-11D0-8D11-00A0C91BC942}") = "03Objects", "03Objects\03Objects.vcxproj", "{9CF5BA25-4B62-4558-BE69-CC22E596F2C2}"
EndProject
Project("{8BC9CEB8-8B4A-11D0-8D11-00A0C91BC942}") = "04ClassesAndObjects", "04ClassesAndObjects\04ClassesAndObjects.vcxproj", "{AF596CBF-0D43-4B3B-A448-162439873753}"
EndProject
Project("{8BC9CEB8-8B4A-11D0-8D11-00A0C91BC942}") = "05Destructors", "05Destructors\05Destructors.vcxproj", "{0565D245-9F76-496E-8F67-153E679E47EF}"
EndProject
Project("{8BC9CEB8-8B4A-11D0-8D11-00A0C91BC942}") = "06StringEssentials", "06StringEssentials\06StringEssentials.vcxproj", "{3F8B0484-24AE-4E7A-8062-E29F743D066B}"
EndProject
Project("{8BC9CEB8-8B4A-11D0-8D11-00A0C91BC942}") = "07PointersToObjects", "07PointersToObjects\07PointersToObjects.vcxproj", "{6FE70E5B-126E-4394-A022-AA371640D9A0}"
EndProject
Project("{8BC9CEB8-8B4A-11D0-8D11-00A0C91BC942}") = "08CopyConstructor", "08CopyConstructor\08CopyConstructor.vcxproj", "{9A0E24EE-5EFE-4164-B154-7A68E8A77395}"
EndProject
Project("{8BC9CEB8-8B4A-11D0-8D11-00A0C91BC942}") = "09AssignmentOperator", "09AssignmentOperator\09AssignmentOperator.vcxproj", "{5F5ACDF1-3380-4942-89CB-39612FCEB1A4}"
EndProject
Project("{8BC9CEB8-8B4A-11D0-8D11-00A0C91BC942}") = "10OperatorOverloading", "10OperatorOverloading\10OperatorOverloading.vcxproj", "{4043CDC0-05FF-45D7-9554-3936EE7CD489}"
EndProject
Project("{8BC9CEB8-8B4A-11D0-8D11-00A0C91BC942}") = "11ConstructorTypeConversion", "11ConstructorTypeConversion\11ConstructorTypeConversion.vcxproj", "{FCC0C195-FF97-4D32-977D-CB40326549CB}"
EndProject
Project("{8BC9CEB8-8B4A-11D0-8D11-00A0C91BC942}") = "12ConversionOperators", "12ConversionOperators\12ConversionOperators.vcxproj", "{AD16C633-9E13-4B09-B042-59E2857F7D53}"
EndProject
Project("{8BC9CEB8-8B4A-11D0-8D11-00A0C91BC942}") = "13ConstCorrectness", "13ConstCorrectness\13ConstCorrectness.vcxproj", "{E8C595E0-9095-4F31-B6CD-0CA876CB3A38}"
EndProject
Project("{8BC9CEB8-8B4A-11D0-8D11-00A0C91BC942}") = "14Vector", "14Vector\14Vector.vcxproj", "{DC54022F-C381-4C72-BD4D-BB8D469F5569}"
EndProject
Project("{8BC9CEB8-8B4A-11D0-8D11-00A0C91BC942}") = "15Iterators", "15Iterators\15Iterators.vcxproj", "{1F61F928-29D5-444B-B17F-C3CBDD41EAE8}"
EndProject
Project("{8BC9CEB8-8B4A-11D0-8D11-00A0C91BC942}") = "16TextFiles", "16TextFiles\16TextFiles.vcxproj", "{FA660EA1-03BC-4386-9596-1B45C24366D5}"
EndProject
Project("{8BC9CEB8-8B4A-11D0-8D11-00A0C91BC942}") = "FriendFunctions", "FriendFunctions\FriendFunctions.vcxproj", "{99527F56-0CD7-4483-B7CD-230E8636A216}"
EndProject
Global
	GlobalSection(SolutionConfigurationPlatforms) = preSolution
		Debug|x64 = Debug|x64
		Debug|x86 = Debug|x86
		Release|x64 = Release|x64
		Release|x86 = Release|x86
	EndGlobalSection
	GlobalSection(ProjectConfigurationPlatforms) = postSolution
		{1CDF2911-5328-4E06-8631-18B39FEC2D8F}.Debug|x64.ActiveCfg = Debug|x64
		{1CDF2911-5328-4E06-8631-18B39FEC2D8F}.Debug|x64.Build.0 = Debug|x64
		{1CDF2911-5328-4E06-8631-18B39FEC2D8F}.Debug|x86.ActiveCfg = Debug|Win32
		{1CDF2911-5328-4E06-8631-18B39FEC2D8F}.Debug|x86.Build.0 = Debug|Win32
		{1CDF2911-5328-4E06-8631-18B39FEC2D8F}.Release|x64.ActiveCfg = Release|x64
		{1CDF2911-5328-4E06-8631-18B39FEC2D8F}.Release|x64.Build.0 = Release|x64
		{1CDF2911-5328-4E06-8631-18B39FEC2D8F}.Release|x86.ActiveCfg = Release|Win32
		{1CDF2911-5328-4E06-8631-18B39FEC2D8F}.Release|x86.Build.0 = Release|Win32
		{B0880466-D7B1-4A05-BB5E-5CAC144D8B46}.Debug|x64.ActiveCfg = Debug|x64
		{B0880466-D7B1-4A05-BB5E-5CAC144D8B46}.Debug|x64.Build.0 = Debug|x64
		{B0880466-D7B1-4A05-BB5E-5CAC144D8B46}.Debug|x86.ActiveCfg = Debug|Win32
		{B0880466-D7B1-4A05-BB5E-5CAC144D8B46}.Debug|x86.Build.0 = Debug|Win32
		{B0880466-D7B1-4A05-BB5E-5CAC144D8B46}.Release|x64.ActiveCfg = Release|x64
		{B0880466-D7B1-4A05-BB5E-5CAC144D8B46}.Release|x64.Build.0 = Release|x64
		{B0880466-D7B1-4A05-BB5E-5CAC144D8B46}.Release|x86.ActiveCfg = Release|Win32
		{B0880466-D7B1-4A05-BB5E-5CAC144D8B46}.Release|x86.Build.0 = Release|Win32
		{9CF5BA25-4B62-4558-BE69-CC22E596F2C2}.Debug|x64.ActiveCfg = Debug|x64
		{9CF5BA25-4B62-4558-BE69-CC22E596F2C2}.Debug|x64.Build.0 = Debug|x64
		{9CF5BA25-4B62-4558-BE69-CC22E596F2C2}.Debug|x86.ActiveCfg = Debug|Win32
		{9CF5BA25-4B62-4558-BE69-CC22E596F2C2}.Debug|x86.Build.0 = Debug|Win32
		{9CF5BA25-4B62-4558-BE69-CC22E596F2C2}.Release|x64.ActiveCfg = Release|x64
		{9CF5BA25-4B62-4558-BE69-CC22E596F2C2}.Release|x64.Build.0 = Release|x64
		{9CF5BA25-4B62-4558-BE69-CC22E596F2C2}.Release|x86.ActiveCfg = Release|Win32
		{9CF5BA25-4B62-4558-BE69-CC22E596F2C2}.Release|x86.Build.0 = Release|Win32
		{AF596CBF-0D43-4B3B-A448-162439873753}.Debug|x64.ActiveCfg = Debug|x64
		{AF596CBF-0D43-4B3B-A448-162439873753}.Debug|x64.Build.0 = Debug|x64
		{AF596CBF-0D43-4B3B-A448-162439873753}.Debug|x86.ActiveCfg = Debug|Win32
		{AF596CBF-0D43-4B3B-A448-162439873753}.Debug|x86.Build.0 = Debug|Win32
		{AF596CBF-0D43-4B3B-A448-162439873753}.Release|x64.ActiveCfg = Release|x64
		{AF596CBF-0D43-4B3B-A448-162439873753}.Release|x64.Build.0 = Release|x64
		{AF596CBF-0D43-4B3B-A448-162439873753}.Release|x86.ActiveCfg = Release|Win32
		{AF596CBF-0D43-4B3B-A448-162439873753}.Release|x86.Build.0 = Release|Win32
		{0565D245-9F76-496E-8F67-153E679E47EF}.Debug|x64.ActiveCfg = Debug|x64
		{0565D245-9F76-496E-8F67-153E679E47EF}.Debug|x64.Build.0 = Debug|x64
		{0565D245-9F76-496E-8F67-153E679E47EF}.Debug|x86.ActiveCfg = Debug|Win32
		{0565D245-9F76-496E-8F67-153E679E47EF}.Debug|x86.Build.0 = Debug|Win32
		{0565D245-9F76-496E-8F67-153E679E47EF}.Release|x64.ActiveCfg = Release|x64
		{0565D245-9F76-496E-8F67-153E679E47EF}.Release|x64.Build.0 = Release|x64
		{0565D245-9F76-496E-8F67-153E679E47EF}.Release|x86.ActiveCfg = Release|Win32
		{0565D245-9F76-496E-8F67-153E679E47EF}.Release|x86.Build.0 = Release|Win32
		{3F8B0484-24AE-4E7A-8062-E29F743D066B}.Debug|x64.ActiveCfg = Debug|x64
		{3F8B0484-24AE-4E7A-8062-E29F743D066B}.Debug|x64.Build.0 = Debug|x64
		{3F8B0484-24AE-4E7A-8062-E29F743D066B}.Debug|x86.ActiveCfg = Debug|Win32
		{3F8B0484-24AE-4E7A-8062-E29F743D066B}.Debug|x86.Build.0 = Debug|Win32
		{3F8B0484-24AE-4E7A-8062-E29F743D066B}.Release|x64.ActiveCfg = Release|x64
		{3F8B0484-24AE-4E7A-8062-E29F743D066B}.Release|x64.Build.0 = Release|x64
		{3F8B0484-24AE-4E7A-8062-E29F743D066B}.Release|x86.ActiveCfg = Release|Win32
		{3F8B0484-24AE-4E7A-8062-E29F743D066B}.Release|x86.Build.0 = Release|Win32
		{6FE70E5B-126E-4394-A022-AA371640D9A0}.Debug|x64.ActiveCfg = Debug|x64
		{6FE70E5B-126E-4394-A022-AA371640D9A0}.Debug|x64.Build.0 = Debug|x64
		{6FE70E5B-126E-4394-A022-AA371640D9A0}.Debug|x86.ActiveCfg = Debug|Win32
		{6FE70E5B-126E-4394-A022-AA371640D9A0}.Debug|x86.Build.0 = Debug|Win32
		{6FE70E5B-126E-4394-A022-AA371640D9A0}.Release|x64.ActiveCfg = Release|x64
		{6FE70E5B-126E-4394-A022-AA371640D9A0}.Release|x64.Build.0 = Release|x64
		{6FE70E5B-126E-4394-A022-AA371640D9A0}.Release|x86.ActiveCfg = Release|Win32
		{6FE70E5B-126E-4394-A022-AA371640D9A0}.Release|x86.Build.0 = Release|Win32
		{9A0E24EE-5EFE-4164-B154-7A68E8A77395}.Debug|x64.ActiveCfg = Debug|x64
		{9A0E24EE-5EFE-4164-B154-7A68E8A77395}.Debug|x64.Build.0 = Debug|x64
		{9A0E24EE-5EFE-4164-B154-7A68E8A77395}.Debug|x86.ActiveCfg = Debug|Win32
		{9A0E24EE-5EFE-4164-B154-7A68E8A77395}.Debug|x86.Build.0 = Debug|Win32
		{9A0E24EE-5EFE-4164-B154-7A68E8A77395}.Release|x64.ActiveCfg = Release|x64
		{9A0E24EE-5EFE-4164-B154-7A68E8A77395}.Release|x64.Build.0 = Release|x64
		{9A0E24EE-5EFE-4164-B154-7A68E8A77395}.Release|x86.ActiveCfg = Release|Win32
		{9A0E24EE-5EFE-4164-B154-7A68E8A77395}.Release|x86.Build.0 = Release|Win32
		{5F5ACDF1-3380-4942-89CB-39612FCEB1A4}.Debug|x64.ActiveCfg = Debug|x64
		{5F5ACDF1-3380-4942-89CB-39612FCEB1A4}.Debug|x64.Build.0 = Debug|x64
		{5F5ACDF1-3380-4942-89CB-39612FCEB1A4}.Debug|x86.ActiveCfg = Debug|Win32
		{5F5ACDF1-3380-4942-89CB-39612FCEB1A4}.Debug|x86.Build.0 = Debug|Win32
		{5F5ACDF1-3380-4942-89CB-39612FCEB1A4}.Release|x64.ActiveCfg = Release|x64
		{5F5ACDF1-3380-4942-89CB-39612FCEB1A4}.Release|x64.Build.0 = Release|x64
		{5F5ACDF1-3380-4942-89CB-39612FCEB1A4}.Release|x86.ActiveCfg = Release|Win32
		{5F5ACDF1-3380-4942-89CB-39612FCEB1A4}.Release|x86.Build.0 = Release|Win32
		{4043CDC0-05FF-45D7-9554-3936EE7CD489}.Debug|x64.ActiveCfg = Debug|x64
		{4043CDC0-05FF-45D7-9554-3936EE7CD489}.Debug|x64.Build.0 = Debug|x64
		{4043CDC0-05FF-45D7-9554-3936EE7CD489}.Debug|x86.ActiveCfg = Debug|Win32
		{4043CDC0-05FF-45D7-9554-3936EE7CD489}.Debug|x86.Build.0 = Debug|Win32
		{4043CDC0-05FF-45D7-9554-3936EE7CD489}.Release|x64.ActiveCfg = Release|x64
		{4043CDC0-05FF-45D7-9554-3936EE7CD489}.Release|x64.Build.0 = Release|x64
		{4043CDC0-05FF-45D7-9554-3936EE7CD489}.Release|x86.ActiveCfg = Release|Win32
		{4043CDC0-05FF-45D7-9554-3936EE7CD489}.Release|x86.Build.0 = Release|Win32
		{FCC0C195-FF97-4D32-977D-CB40326549CB}.Debug|x64.ActiveCfg = Debug|x64
		{FCC0C195-FF97-4D32-977D-CB40326549CB}.Debug|x64.Build.0 = Debug|x64
		{FCC0C195-FF97-4D32-977D-CB40326549CB}.Debug|x86.ActiveCfg = Debug|Win32
		{FCC0C195-FF97-4D32-977D-CB40326549CB}.Debug|x86.Build.0 = Debug|Win32
		{FCC0C195-FF97-4D32-977D-CB40326549CB}.Release|x64.ActiveCfg = Release|x64
		{FCC0C195-FF97-4D32-977D-CB40326549CB}.Release|x64.Build.0 = Release|x64
		{FCC0C195-FF97-4D32-977D-CB40326549CB}.Release|x86.ActiveCfg = Release|Win32
		{FCC0C195-FF97-4D32-977D-CB40326549CB}.Release|x86.Build.0 = Release|Win32
		{AD16C633-9E13-4B09-B042-59E2857F7D53}.Debug|x64.ActiveCfg = Debug|x64
		{AD16C633-9E13-4B09-B042-59E2857F7D53}.Debug|x64.Build.0 = Debug|x64
		{AD16C633-9E13-4B09-B042-59E2857F7D53}.Debug|x86.ActiveCfg = Debug|Win32
		{AD16C633-9E13-4B09-B042-59E2857F7D53}.Debug|x86.Build.0 = Debug|Win32
		{AD16C633-9E13-4B09-B042-59E2857F7D53}.Release|x64.ActiveCfg = Release|x64
		{AD16C633-9E13-4B09-B042-59E2857F7D53}.Release|x64.Build.0 = Release|x64
		{AD16C633-9E13-4B09-B042-59E2857F7D53}.Release|x86.ActiveCfg = Release|Win32
		{AD16C633-9E13-4B09-B042-59E2857F7D53}.Release|x86.Build.0 = Release|Win32
		{E8C595E0-9095-4F31-B6CD-0CA876CB3A38}.Debug|x64.ActiveCfg = Debug|x64
		{E8C595E0-9095-4F31-B6CD-0CA876CB3A38}.Debug|x64.Build.0 = Debug|x64
		{E8C595E0-9095-4F31-B6CD-0CA876CB3A38}.Debug|x86.ActiveCfg = Debug|Win32
		{E8C595E0-9095-4F31-B6CD-0CA876CB3A38}.Debug|x86.Build.0 = Debug|Win32
		{E8C595E0-9095-4F31-B6CD-0CA876CB3A38}.Release|x64.ActiveCfg = Release|x64
		{E8C595E0-9095-4F31-B6CD-0CA876CB3A38}.Release|x64.Build.0 = Release|x64
		{E8C595E0-9095-4F31-B6CD-0CA876CB3A38}.Release|x86.ActiveCfg = Release|Win32
		{E8C595E0-9095-4F31-B6CD-0CA876CB3A38}.Release|x86.Build.0 = Release|Win32
		{DC54022F-C381-4C72-BD4D-BB8D469F5569}.Debug|x64.ActiveCfg = Debug|x64
		{DC54022F-C381-4C72-BD4D-BB8D469F5569}.Debug|x64.Build.0 = Debug|x64
		{DC54022F-C381-4C72-BD4D-BB8D469F5569}.Debug|x86.ActiveCfg = Debug|Win32
		{DC54022F-C381-4C72-BD4D-BB8D469F5569}.Debug|x86.Build.0 = Debug|Win32
		{DC54022F-C381-4C72-BD4D-BB8D469F5569}.Release|x64.ActiveCfg = Release|x64
		{DC54022F-C381-4C72-BD4D-BB8D469F5569}.Release|x64.Build.0 = Release|x64
		{DC54022F-C381-4C72-BD4D-BB8D469F5569}.Release|x86.ActiveCfg = Release|Win32
		{DC54022F-C381-4C72-BD4D-BB8D469F5569}.Release|x86.Build.0 = Release|Win32
		{1F61F928-29D5-444B-B17F-C3CBDD41EAE8}.Debug|x64.ActiveCfg = Debug|x64
		{1F61F928-29D5-444B-B17F-C3CBDD41EAE8}.Debug|x64.Build.0 = Debug|x64
		{1F61F928-29D5-444B-B17F-C3CBDD41EAE8}.Debug|x86.ActiveCfg = Debug|Win32
		{1F61F928-29D5-444B-B17F-C3CBDD41EAE8}.Debug|x86.Build.0 = Debug|Win32
		{1F61F928-29D5-444B-B17F-C3CBDD41EAE8}.Release|x64.ActiveCfg = Release|x64
		{1F61F928-29D5-444B-B17F-C3CBDD41EAE8}.Release|x64.Build.0 = Release|x64
		{1F61F928-29D5-444B-B17F-C3CBDD41EAE8}.Release|x86.ActiveCfg = Release|Win32
		{1F61F928-29D5-444B-B17F-C3CBDD41EAE8}.Release|x86.Build.0 = Release|Win32
		{FA660EA1-03BC-4386-9596-1B45C24366D5}.Debug|x64.ActiveCfg = Debug|x64
		{FA660EA1-03BC-4386-9596-1B45C24366D5}.Debug|x64.Build.0 = Debug|x64
		{FA660EA1-03BC-4386-9596-1B45C24366D5}.Debug|x86.ActiveCfg = Debug|Win32
		{FA660EA1-03BC-4386-9596-1B45C24366D5}.Debug|x86.Build.0 = Debug|Win32
		{FA660EA1-03BC-4386-9596-1B45C24366D5}.Release|x64.ActiveCfg = Release|x64
		{FA660EA1-03BC-4386-9596-1B45C24366D5}.Release|x64.Build.0 = Release|x64
		{FA660EA1-03BC-4386-9596-1B45C24366D5}.Release|x86.ActiveCfg = Release|Win32
		{FA660EA1-03BC-4386-9596-1B45C24366D5}.Release|x86.Build.0 = Release|Win32
		{99527F56-0CD7-4483-B7CD-230E8636A216}.Debug|x64.ActiveCfg = Debug|x64
		{99527F56-0CD7-4483-B7CD-230E8636A216}.Debug|x64.Build.0 = Debug|x64
		{99527F56-0CD7-4483-B7CD-230E8636A216}.Debug|x86.ActiveCfg = Debug|Win32
		{99527F56-0CD7-4483-B7CD-230E8636A216}.Debug|x86.Build.0 = Debug|Win32
		{99527F56-0CD7-4483-B7CD-230E8636A216}.Release|x64.ActiveCfg = Release|x64
		{99527F56-0CD7-4483-B7CD-230E8636A216}.Release|x64.Build.0 = Release|x64
		{99527F56-0CD7-4483-B7CD-230E8636A216}.Release|x86.ActiveCfg = Release|Win32
		{99527F56-0CD7-4483-B7CD-230E8636A216}.Release|x86.Build.0 = Release|Win32
	EndGlobalSection
	GlobalSection(SolutionProperties) = preSolution
		HideSolutionNode = FALSE
	EndGlobalSection
	GlobalSection(ExtensibilityGlobals) = postSolution
		SolutionGuid = {01A4C2BE-C8F2-43E4-B0C2-201CF9D783AC}
	EndGlobalSection
EndGlobal
