
Microsoft Visual Studio Solution File, Format Version 12.00
# Visual Studio 15
VisualStudioVersion = 15.0.28307.168
MinimumVisualStudioVersion = 10.0.40219.1
Project("{8BC9CEB8-8B4A-11D0-8D11-00A0C91BC942}") = "01PolymorphicAlgorithms", "01PolymorphicAlgorithms\01PolymorphicAlgorithms.vcxproj", "{1CDF2911-5328-4E06-8631-18B39FEC2D8F}"
EndProject
Project("{8BC9CEB8-8B4A-11D0-8D11-00A0C91BC942}") = "02FunctionsWithContext", "02FunctionsWithContext\02FunctionsWithContext.vcxproj", "{B0880466-D7B1-4A05-BB5E-5CAC144D8B46}"
EndProject
Project("{8BC9CEB8-8B4A-11D0-8D11-00A0C91BC942}") = "03Objects", "03Objects\03Objects.vcxproj", "{9CF5BA25-4B62-4558-BE69-CC22E596F2C2}"
EndProject
Project("{8BC9CEB8-8B4A-11D0-8D11-00A0C91BC942}") = "04ClassesAndObjects", "04ClassesAndObjects\04ClassesAndObjects.vcxproj", "{AF596CBF-0D43-4B3B-A448-162439873753}"
EndProject
Global
	GlobalSection(SolutionConfigurationPlatforms) = preSolution
		Debug|x64 = Debug|x64
		Debug|x86 = Debug|x86
		Release|x64 = Release|x64
		Release|x86 = Release|x86
	EndGlobalSection
	GlobalSection(ProjectConfigurationPlatforms) = postSolution
		{1CDF2911-5328-4E06-8631-18B39FEC2D8F}.Debug|x64.ActiveCfg = Debug|x64
		{1CDF2911-5328-4E06-8631-18B39FEC2D8F}.Debug|x64.Build.0 = Debug|x64
		{1CDF2911-5328-4E06-8631-18B39FEC2D8F}.Debug|x86.ActiveCfg = Debug|Win32
		{1CDF2911-5328-4E06-8631-18B39FEC2D8F}.Debug|x86.Build.0 = Debug|Win32
		{1CDF2911-5328-4E06-8631-18B39FEC2D8F}.Release|x64.ActiveCfg = Release|x64
		{1CDF2911-5328-4E06-8631-18B39FEC2D8F}.Release|x64.Build.0 = Release|x64
		{1CDF2911-5328-4E06-8631-18B39FEC2D8F}.Release|x86.ActiveCfg = Release|Win32
		{1CDF2911-5328-4E06-8631-18B39FEC2D8F}.Release|x86.Build.0 = Release|Win32
		{B0880466-D7B1-4A05-BB5E-5CAC144D8B46}.Debug|x64.ActiveCfg = Debug|x64
		{B0880466-D7B1-4A05-BB5E-5CAC144D8B46}.Debug|x64.Build.0 = Debug|x64
		{B0880466-D7B1-4A05-BB5E-5CAC144D8B46}.Debug|x86.ActiveCfg = Debug|Win32
		{B0880466-D7B1-4A05-BB5E-5CAC144D8B46}.Debug|x86.Build.0 = Debug|Win32
		{B0880466-D7B1-4A05-BB5E-5CAC144D8B46}.Release|x64.ActiveCfg = Release|x64
		{B0880466-D7B1-4A05-BB5E-5CAC144D8B46}.Release|x64.Build.0 = Release|x64
		{B0880466-D7B1-4A05-BB5E-5CAC144D8B46}.Release|x86.ActiveCfg = Release|Win32
		{B0880466-D7B1-4A05-BB5E-5CAC144D8B46}.Release|x86.Build.0 = Release|Win32
		{9CF5BA25-4B62-4558-BE69-CC22E596F2C2}.Debug|x64.ActiveCfg = Debug|x64
		{9CF5BA25-4B62-4558-BE69-CC22E596F2C2}.Debug|x64.Build.0 = Debug|x64
		{9CF5BA25-4B62-4558-BE69-CC22E596F2C2}.Debug|x86.ActiveCfg = Debug|Win32
		{9CF5BA25-4B62-4558-BE69-CC22E596F2C2}.Debug|x86.Build.0 = Debug|Win32
		{9CF5BA25-4B62-4558-BE69-CC22E596F2C2}.Release|x64.ActiveCfg = Release|x64
		{9CF5BA25-4B62-4558-BE69-CC22E596F2C2}.Release|x64.Build.0 = Release|x64
		{9CF5BA25-4B62-4558-BE69-CC22E596F2C2}.Release|x86.ActiveCfg = Release|Win32
		{9CF5BA25-4B62-4558-BE69-CC22E596F2C2}.Release|x86.Build.0 = Release|Win32
		{AF596CBF-0D43-4B3B-A448-162439873753}.Debug|x64.ActiveCfg = Debug|x64
		{AF596CBF-0D43-4B3B-A448-162439873753}.Debug|x64.Build.0 = Debug|x64
		{AF596CBF-0D43-4B3B-A448-162439873753}.Debug|x86.ActiveCfg = Debug|Win32
		{AF596CBF-0D43-4B3B-A448-162439873753}.Debug|x86.Build.0 = Debug|Win32
		{AF596CBF-0D43-4B3B-A448-162439873753}.Release|x64.ActiveCfg = Release|x64
		{AF596CBF-0D43-4B3B-A448-162439873753}.Release|x64.Build.0 = Release|x64
		{AF596CBF-0D43-4B3B-A448-162439873753}.Release|x86.ActiveCfg = Release|Win32
		{AF596CBF-0D43-4B3B-A448-162439873753}.Release|x86.Build.0 = Release|Win32
	EndGlobalSection
	GlobalSection(SolutionProperties) = preSolution
		HideSolutionNode = FALSE
	EndGlobalSection
	GlobalSection(ExtensibilityGlobals) = postSolution
		SolutionGuid = {01A4C2BE-C8F2-43E4-B0C2-201CF9D783AC}
	EndGlobalSection
EndGlobal
